
Microsoft Visual Studio Solution File, Format Version 12.00
# Visual Studio Version 16
VisualStudioVersion = 16.0.32510.428
MinimumVisualStudioVersion = 10.0.40219.1
Project("{FAE04EC0-301F-11D3-BF4B-00C04F79EFBC}") = "Stories.Server", "Stories\Server\Stories.Server.csproj", "{A9261070-9C71-4B9E-B5D6-C18BD5A33D38}"
EndProject
Project("{FAE04EC0-301F-11D3-BF4B-00C04F79EFBC}") = "Stories.Client", "Stories\Client\Stories.Client.csproj", "{B5958B88-CF67-43F3-8B2E-48F918D0DBC3}"
EndProject
Project("{FAE04EC0-301F-11D3-BF4B-00C04F79EFBC}") = "Stories.Shared", "Stories\Shared\Stories.Shared.csproj", "{4A61A7B3-C1ED-4E25-AB77-84A5B9F03249}"
EndProject
Global
	GlobalSection(SolutionConfigurationPlatforms) = preSolution
		Debug|Any CPU = Debug|Any CPU
		Release|Any CPU = Release|Any CPU
	EndGlobalSection
	GlobalSection(ProjectConfigurationPlatforms) = postSolution
		{A9261070-9C71-4B9E-B5D6-C18BD5A33D38}.Debug|Any CPU.ActiveCfg = Debug|Any CPU
		{A9261070-9C71-4B9E-B5D6-C18BD5A33D38}.Debug|Any CPU.Build.0 = Debug|Any CPU
		{A9261070-9C71-4B9E-B5D6-C18BD5A33D38}.Release|Any CPU.ActiveCfg = Release|Any CPU
		{A9261070-9C71-4B9E-B5D6-C18BD5A33D38}.Release|Any CPU.Build.0 = Release|Any CPU
		{B5958B88-CF67-43F3-8B2E-48F918D0DBC3}.Debug|Any CPU.ActiveCfg = Debug|Any CPU
		{B5958B88-CF67-43F3-8B2E-48F918D0DBC3}.Debug|Any CPU.Build.0 = Debug|Any CPU
		{B5958B88-CF67-43F3-8B2E-48F918D0DBC3}.Release|Any CPU.ActiveCfg = Release|Any CPU
		{B5958B88-CF67-43F3-8B2E-48F918D0DBC3}.Release|Any CPU.Build.0 = Release|Any CPU
		{4A61A7B3-C1ED-4E25-AB77-84A5B9F03249}.Debug|Any CPU.ActiveCfg = Debug|Any CPU
		{4A61A7B3-C1ED-4E25-AB77-84A5B9F03249}.Debug|Any CPU.Build.0 = Debug|Any CPU
		{4A61A7B3-C1ED-4E25-AB77-84A5B9F03249}.Release|Any CPU.ActiveCfg = Release|Any CPU
		{4A61A7B3-C1ED-4E25-AB77-84A5B9F03249}.Release|Any CPU.Build.0 = Release|Any CPU
	EndGlobalSection
	GlobalSection(SolutionProperties) = preSolution
		HideSolutionNode = FALSE
	EndGlobalSection
	GlobalSection(ExtensibilityGlobals) = postSolution
		SolutionGuid = {C67FBEC0-1E04-42AF-A6F5-20E5E212FCCE}
	EndGlobalSection
EndGlobal
